# THIS IS AN AUTOGENERATED FILE. DO NOT EDIT THIS FILE DIRECTLY.
# yarn lockfile v1


"@types/estree@0.0.39":
  version "0.0.39"
  resolved "https://registry.yarnpkg.com/@types/estree/-/estree-0.0.39.tgz#e177e699ee1b8c22d23174caaa7422644389509f"
  integrity sha512-EYNwp3bU+98cpU4lAWYYL7Zz+2gryWH1qbdDTidVd6hkiR6weksdbMadyXKXNPEkQFhXM+hVO9ZygomHXp+AIw==

"@types/node@^11.11.6":
  version "11.12.0"
  resolved "https://registry.yarnpkg.com/@types/node/-/node-11.12.0.tgz#ec5594728811dc2797e42396cfcdf786f2052c12"
  integrity sha512-Lg00egj78gM+4aE0Erw05cuDbvX9sLJbaaPwwRtdCdAMnIudqrQZ0oZX98Ek0yiSK/A2nubHgJfvII/rTT2Dwg==

acorn@^6.1.1:
  version "6.1.1"
  resolved "https://registry.yarnpkg.com/acorn/-/acorn-6.1.1.tgz#7d25ae05bb8ad1f9b699108e1094ecd7884adc1f"
  integrity sha512-jPTiwtOxaHNaAPg/dmrJ/beuzLRnXtB0kQPQ8JpotKJgTB6rX6c8mlf315941pyjBSaPg8NHXS9fhP4u17DpGA==

rollup@^1.7.4:
  version "1.7.4"
  resolved "https://registry.yarnpkg.com/rollup/-/rollup-1.7.4.tgz#dd9d1d4935d3db38f16e1caaef635d8d1b0831c4"
  integrity sha512-nc86fETLHdozhRWlW/uNVIQ7ODuA1vU2/L8znAxP9TNMx1NA6GTth3llqoxxCle2kkyui+OfGzbKaQxD60NJjA==
  dependencies:
    "@types/estree" "0.0.39"
    "@types/node" "^11.11.6"
    acorn "^6.1.1"
